// !$*UTF8*$!
{
	archiveVersion = 1;
	classes = {
	};
	objectVersion = 55;
	objects = {

/* Begin PBXBuildFile section */
		3AB25FE927FF515500CCAE62 /* AppDelegate.swift in Sources */ = {isa = PBXBuildFile; fileRef = 3AB25FE827FF515500CCAE62 /* AppDelegate.swift */; };
		3AB25FEB27FF515500CCAE62 /* SceneDelegate.swift in Sources */ = {isa = PBXBuildFile; fileRef = 3AB25FEA27FF515500CCAE62 /* SceneDelegate.swift */; };
		3AB25FF027FF515500CCAE62 /* Main.storyboard in Resources */ = {isa = PBXBuildFile; fileRef = 3AB25FEE27FF515500CCAE62 /* Main.storyboard */; };
		3AB25FF227FF515700CCAE62 /* Assets.xcassets in Resources */ = {isa = PBXBuildFile; fileRef = 3AB25FF127FF515700CCAE62 /* Assets.xcassets */; };
		3AB25FF527FF515700CCAE62 /* LaunchScreen.storyboard in Resources */ = {isa = PBXBuildFile; fileRef = 3AB25FF327FF515700CCAE62 /* LaunchScreen.storyboard */; };
		3AB25FFF27FF530100CCAE62 /* TrackList.swift in Sources */ = {isa = PBXBuildFile; fileRef = 3AB25FFE27FF530100CCAE62 /* TrackList.swift */; };
		3AB2600127FF638D00CCAE62 /* DetailVC.swift in Sources */ = {isa = PBXBuildFile; fileRef = 3AB2600027FF638D00CCAE62 /* DetailVC.swift */; };
/* End PBXBuildFile section */

/* Begin PBXFileReference section */
		3AB25FE527FF515500CCAE62 /* ArtCover.app */ = {isa = PBXFileReference; explicitFileType = wrapper.application; includeInIndex = 0; path = ArtCover.app; sourceTree = BUILT_PRODUCTS_DIR; };
		3AB25FE827FF515500CCAE62 /* AppDelegate.swift */ = {isa = PBXFileReference; lastKnownFileType = sourcecode.swift; path = AppDelegate.swift; sourceTree = "<group>"; };
		3AB25FEA27FF515500CCAE62 /* SceneDelegate.swift */ = {isa = PBXFileReference; lastKnownFileType = sourcecode.swift; path = SceneDelegate.swift; sourceTree = "<group>"; };
		3AB25FEF27FF515500CCAE62 /* Base */ = {isa = PBXFileReference; lastKnownFileType = file.storyboard; name = Base; path = Base.lproj/Main.storyboard; sourceTree = "<group>"; };
		3AB25FF127FF515700CCAE62 /* Assets.xcassets */ = {isa = PBXFileReference; lastKnownFileType = folder.assetcatalog; path = Assets.xcassets; sourceTree = "<group>"; };
		3AB25FF427FF515700CCAE62 /* Base */ = {isa = PBXFileReference; lastKnownFileType = file.storyboard; name = Base; path = Base.lproj/LaunchScreen.storyboard; sourceTree = "<group>"; };
		3AB25FF627FF515700CCAE62 /* Info.plist */ = {isa = PBXFileReference; lastKnownFileType = text.plist.xml; path = Info.plist; sourceTree = "<group>"; };
		3AB25FFE27FF530100CCAE62 /* TrackList.swift */ = {isa = PBXFileReference; lastKnownFileType = sourcecode.swift; path = TrackList.swift; sourceTree = "<group>"; };
		3AB2600027FF638D00CCAE62 /* DetailVC.swift */ = {isa = PBXFileReference; lastKnownFileType = sourcecode.swift; path = DetailVC.swift; sourceTree = "<group>"; };
/* End PBXFileReference section */

/* Begin PBXFrameworksBuildPhase section */
		3AB25FE227FF515500CCAE62 /* Frameworks */ = {
			isa = PBXFrameworksBuildPhase;
			buildActionMask = 2147483647;
			files = (
			);
			runOnlyForDeploymentPostprocessing = 0;
		};
/* End PBXFrameworksBuildPhase section */

/* Begin PBXGroup section */
		3AB25FDC27FF515500CCAE62 = {
			isa = PBXGroup;
			children = (
				3AB25FE727FF515500CCAE62 /* ArtCover */,
				3AB25FE627FF515500CCAE62 /* Products */,
			);
			sourceTree = "<group>";
		};
		3AB25FE627FF515500CCAE62 /* Products */ = {
			isa = PBXGroup;
			children = (
				3AB25FE527FF515500CCAE62 /* ArtCover.app */,
			);
			name = Products;
			sourceTree = "<group>";
		};
		3AB25FE727FF515500CCAE62 /* ArtCover */ = {
			isa = PBXGroup;
			children = (
				3AB25FE827FF515500CCAE62 /* AppDelegate.swift */,
				3AB25FEA27FF515500CCAE62 /* SceneDelegate.swift */,
				3AB2600027FF638D00CCAE62 /* DetailVC.swift */,
				3AB25FFE27FF530100CCAE62 /* TrackList.swift */,
				3AB25FEE27FF515500CCAE62 /* Main.storyboard */,
				3AB25FF127FF515700CCAE62 /* Assets.xcassets */,
				3AB25FF327FF515700CCAE62 /* LaunchScreen.storyboard */,
				3AB25FF627FF515700CCAE62 /* Info.plist */,
			);
			path = ArtCover;
			sourceTree = "<group>";
		};
/* End PBXGroup section */

/* Begin PBXNativeTarget section */
		3AB25FE427FF515500CCAE62 /* ArtCover */ = {
			isa = PBXNativeTarget;
			buildConfigurationList = 3AB25FF927FF515700CCAE62 /* Build configuration list for PBXNativeTarget "ArtCover" */;
			buildPhases = (
				3AB25FE127FF515500CCAE62 /* Sources */,
				3AB25FE227FF515500CCAE62 /* Frameworks */,
				3AB25FE327FF515500CCAE62 /* Resources */,
			);
			buildRules = (
			);
			dependencies = (
			);
			name = ArtCover;
			productName = ArtCover;
			productReference = 3AB25FE527FF515500CCAE62 /* ArtCover.app */;
			productType = "com.apple.product-type.application";
		};
/* End PBXNativeTarget section */

/* Begin PBXProject section */
		3AB25FDD27FF515500CCAE62 /* Project object */ = {
			isa = PBXProject;
			attributes = {
				BuildIndependentTargetsInParallel = 1;
				LastSwiftUpdateCheck = 1320;
				LastUpgradeCheck = 1320;
				TargetAttributes = {
					3AB25FE427FF515500CCAE62 = {
						CreatedOnToolsVersion = 13.2;
					};
				};
			};
			buildConfigurationList = 3AB25FE027FF515500CCAE62 /* Build configuration list for PBXProject "ArtCover" */;
			compatibilityVersion = "Xcode 13.0";
			developmentRegion = en;
			hasScannedForEncodings = 0;
			knownRegions = (
				en,
				Base,
			);
			mainGroup = 3AB25FDC27FF515500CCAE62;
			productRefGroup = 3AB25FE627FF515500CCAE62 /* Products */;
			projectDirPath = "";
			projectRoot = "";
			targets = (
				3AB25FE427FF515500CCAE62 /* ArtCover */,
			);
		};
/* End PBXProject section */

/* Begin PBXResourcesBuildPhase section */
		3AB25FE327FF515500CCAE62 /* Resources */ = {
			isa = PBXResourcesBuildPhase;
			buildActionMask = 2147483647;
			files = (
				3AB25FF527FF515700CCAE62 /* LaunchScreen.storyboard in Resources */,
				3AB25FF227FF515700CCAE62 /* Assets.xcassets in Resources */,
				3AB25FF027FF515500CCAE62 /* Main.storyboard in Resources */,
			);
			runOnlyForDeploymentPostprocessing = 0;
		};
/* End PBXResourcesBuildPhase section */

/* Begin PBXSourcesBuildPhase section */
		3AB25FE127FF515500CCAE62 /* Sources */ = {
			isa = PBXSourcesBuildPhase;
			buildActionMask = 2147483647;
			files = (
				3AB25FFF27FF530100CCAE62 /* TrackList.swift in Sources */,
				3AB2600127FF638D00CCAE62 /* DetailVC.swift in Sources */,
				3AB25FE927FF515500CCAE62 /* AppDelegate.swift in Sources */,
				3AB25FEB27FF515500CCAE62 /* SceneDelegate.swift in Sources */,
			);
			runOnlyForDeploymentPostprocessing = 0;
		};
/* End PBXSourcesBuildPhase section */

/* Begin PBXVariantGroup section */
		3AB25FEE27FF515500CCAE62 /* Main.storyboard */ = {
			isa = PBXVariantGroup;
			children = (
				3AB25FEF27FF515500CCAE62 /* Base */,
			);
			name = Main.storyboard;
			sourceTree = "<group>";
		};
		3AB25FF327FF515700CCAE62 /* LaunchScreen.storyboard */ = {
			isa = PBXVariantGroup;
			children = (
				3AB25FF427FF515700CCAE62 /* Base */,
			);
			name = LaunchScreen.storyboard;
			sourceTree = "<group>";
		};
/* End PBXVariantGroup section */

/* Begin XCBuildConfiguration section */
		3AB25FF727FF515700CCAE62 /* Debug */ = {
			isa = XCBuildConfiguration;
			buildSettings = {
				ALWAYS_SEARCH_USER_PATHS = NO;
				CLANG_ANALYZER_NONNULL = YES;
				CLANG_ANALYZER_NUMBER_OBJECT_CONVERSION = YES_AGGRESSIVE;
				CLANG_CXX_LANGUAGE_STANDARD = "gnu++17";
				CLANG_CXX_LIBRARY = "libc++";
				CLANG_ENABLE_MODULES = YES;
				CLANG_ENABLE_OBJC_ARC = YES;
				CLANG_ENABLE_OBJC_WEAK = YES;
				CLANG_WARN_BLOCK_CAPTURE_AUTORELEASING = YES;
				CLANG_WARN_BOOL_CONVERSION = YES;
				CLANG_WARN_COMMA = YES;
				CLANG_WARN_CONSTANT_CONVERSION = YES;
				CLANG_WARN_DEPRECATED_OBJC_IMPLEMENTATIONS = YES;
				CLANG_WARN_DIRECT_OBJC_ISA_USAGE = YES_ERROR;
				CLANG_WARN_DOCUMENTATION_COMMENTS = YES;
				CLANG_WARN_EMPTY_BODY = YES;
				CLANG_WARN_ENUM_CONVERSION = YES;
				CLANG_WARN_INFINITE_RECURSION = YES;
				CLANG_WARN_INT_CONVERSION = YES;
				CLANG_WARN_NON_LITERAL_NULL_CONVERSION = YES;
				CLANG_WARN_OBJC_IMPLICIT_RETAIN_SELF = YES;
				CLANG_WARN_OBJC_LITERAL_CONVERSION = YES;
				CLANG_WARN_OBJC_ROOT_CLASS = YES_ERROR;
				CLANG_WARN_QUOTED_INCLUDE_IN_FRAMEWORK_HEADER = YES;
				CLANG_WARN_RANGE_LOOP_ANALYSIS = YES;
				CLANG_WARN_STRICT_PROTOTYPES = YES;
				CLANG_WARN_SUSPICIOUS_MOVE = YES;
				CLANG_WARN_UNGUARDED_AVAILABILITY = YES_AGGRESSIVE;
				CLANG_WARN_UNREACHABLE_CODE = YES;
				CLANG_WARN__DUPLICATE_METHOD_MATCH = YES;
				COPY_PHASE_STRIP = NO;
				DEBUG_INFORMATION_FORMAT = dwarf;
				ENABLE_STRICT_OBJC_MSGSEND = YES;
				ENABLE_TESTABILITY = YES;
				GCC_C_LANGUAGE_STANDARD = gnu11;
				GCC_DYNAMIC_NO_PIC = NO;
				GCC_NO_COMMON_BLOCKS = YES;
				GCC_OPTIMIZATION_LEVEL = 0;
				GCC_PREPROCESSOR_DEFINITIONS = (
					"DEBUG=1",
					"$(inherited)",
				);
				GCC_WARN_64_TO_32_BIT_CONVERSION = YES;
				GCC_WARN_ABOUT_RETURN_TYPE = YES_ERROR;
				GCC_WARN_UNDECLARED_SELECTOR = YES;
				GCC_WARN_UNINITIALIZED_AUTOS = YES_AGGRESSIVE;
				GCC_WARN_UNUSED_FUNCTION = YES;
				GCC_WARN_UNUSED_VARIABLE = YES;
				IPHONEOS_DEPLOYMENT_TARGET = 15.2;
				MTL_ENABLE_DEBUG_INFO = INCLUDE_SOURCE;
				MTL_FAST_MATH = YES;
				ONLY_ACTIVE_ARCH = YES;
				SDKROOT = iphoneos;
				SWIFT_ACTIVE_COMPILATION_CONDITIONS = DEBUG;
				SWIFT_OPTIMIZATION_LEVEL = "-Onone";
			};
			name = Debug;
		};
		3AB25FF827FF515700CCAE62 /* Release */ = {
			isa = XCBuildConfiguration;
			buildSettings = {
				ALWAYS_SEARCH_USER_PATHS = NO;
				CLANG_ANALYZER_NONNULL = YES;
				CLANG_ANALYZER_NUMBER_OBJECT_CONVERSION = YES_AGGRESSIVE;
				CLANG_CXX_LANGUAGE_STANDARD = "gnu++17";
				CLANG_CXX_LIBRARY = "libc++";
				CLANG_ENABLE_MODULES = YES;
				CLANG_ENABLE_OBJC_ARC = YES;
				CLANG_ENABLE_OBJC_WEAK = YES;
				CLANG_WARN_BLOCK_CAPTURE_AUTORELEASING = YES;
				CLANG_WARN_BOOL_CONVERSION = YES;
				CLANG_WARN_COMMA = YES;
				CLANG_WARN_CONSTANT_CONVERSION = YES;
				CLANG_WARN_DEPRECATED_OBJC_IMPLEMENTATIONS = YES;
				CLANG_WARN_DIRECT_OBJC_ISA_USAGE = YES_ERROR;
				CLANG_WARN_DOCUMENTATION_COMMENTS = YES;
				CLANG_WARN_EMPTY_BODY = YES;
				CLANG_WARN_ENUM_CONVERSION = YES;
				CLANG_WARN_INFINITE_RECURSION = YES;
				CLANG_WARN_INT_CONVERSION = YES;
				CLANG_WARN_NON_LITERAL_NULL_CONVERSION = YES;
				CLANG_WARN_OBJC_IMPLICIT_RETAIN_SELF = YES;
				CLANG_WARN_OBJC_LITERAL_CONVERSION = YES;
				CLANG_WARN_OBJC_ROOT_CLASS = YES_ERROR;
				CLANG_WARN_QUOTED_INCLUDE_IN_FRAMEWORK_HEADER = YES;
				CLANG_WARN_RANGE_LOOP_ANALYSIS = YES;
				CLANG_WARN_STRICT_PROTOTYPES = YES;
				CLANG_WARN_SUSPICIOUS_MOVE = YES;
				CLANG_WARN_UNGUARDED_AVAILABILITY = YES_AGGRESSIVE;
				CLANG_WARN_UNREACHABLE_CODE = YES;
				CLANG_WARN__DUPLICATE_METHOD_MATCH = YES;
				COPY_PHASE_STRIP = NO;
				DEBUG_INFORMATION_FORMAT = "dwarf-with-dsym";
				ENABLE_NS_ASSERTIONS = NO;
				ENABLE_STRICT_OBJC_MSGSEND = YES;
				GCC_C_LANGUAGE_STANDARD = gnu11;
				GCC_NO_COMMON_BLOCKS = YES;
				GCC_WARN_64_TO_32_BIT_CONVERSION = YES;
				GCC_WARN_ABOUT_RETURN_TYPE = YES_ERROR;
				GCC_WARN_UNDECLARED_SELECTOR = YES;
				GCC_WARN_UNINITIALIZED_AUTOS = YES_AGGRESSIVE;
				GCC_WARN_UNUSED_FUNCTION = YES;
				GCC_WARN_UNUSED_VARIABLE = YES;
				IPHONEOS_DEPLOYMENT_TARGET = 15.2;
				MTL_ENABLE_DEBUG_INFO = NO;
				MTL_FAST_MATH = YES;
				SDKROOT = iphoneos;
				SWIFT_COMPILATION_MODE = wholemodule;
				SWIFT_OPTIMIZATION_LEVEL = "-O";
				VALIDATE_PRODUCT = YES;
			};
			name = Release;
		};
		3AB25FFA27FF515700CCAE62 /* Debug */ = {
			isa = XCBuildConfiguration;
			buildSettings = {
				ASSETCATALOG_COMPILER_APPICON_NAME = AppIcon;
				ASSETCATALOG_COMPILER_GLOBAL_ACCENT_COLOR_NAME = AccentColor;
				CODE_SIGN_STYLE = Automatic;
				CURRENT_PROJECT_VERSION = 1;
				GENERATE_INFOPLIST_FILE = YES;
				INFOPLIST_FILE = ArtCover/Info.plist;
				INFOPLIST_KEY_UIApplicationSupportsIndirectInputEvents = YES;
				INFOPLIST_KEY_UILaunchStoryboardName = LaunchScreen;
				INFOPLIST_KEY_UIMainStoryboardFile = Main;
				INFOPLIST_KEY_UISupportedInterfaceOrientations_iPad = "UIInterfaceOrientationPortrait UIInterfaceOrientationPortraitUpsideDown UIInterfaceOrientationLandscapeLeft UIInterfaceOrientationLandscapeRight";
				INFOPLIST_KEY_UISupportedInterfaceOrientations_iPhone = "UIInterfaceOrientationPortrait UIInterfaceOrientationLandscapeLeft UIInterfaceOrientationLandscapeRight";
				LD_RUNPATH_SEARCH_PATHS = (
					"$(inherited)",
					"@executable_path/Frameworks",
				);
				MARKETING_VERSION = 1.0;
				PRODUCT_BUNDLE_IDENTIFIER = com.demo.anton.ArtCover;
				PRODUCT_NAME = "$(TARGET_NAME)";
				SWIFT_EMIT_LOC_STRINGS = YES;
				SWIFT_VERSION = 5.0;
				TARGETED_DEVICE_FAMILY = 1;
			};
			name = Debug;
		};
		3AB25FFB27FF515700CCAE62 /* Release */ = {
			isa = XCBuildConfiguration;
			buildSettings = {
				ASSETCATALOG_COMPILER_APPICON_NAME = AppIcon;
				ASSETCATALOG_COMPILER_GLOBAL_ACCENT_COLOR_NAME = AccentColor;
				CODE_SIGN_STYLE = Automatic;
				CURRENT_PROJECT_VERSION = 1;
				GENERATE_INFOPLIST_FILE = YES;
				INFOPLIST_FILE = ArtCover/Info.plist;
				INFOPLIST_KEY_UIApplicationSupportsIndirectInputEvents = YES;
				INFOPLIST_KEY_UILaunchStoryboardName = LaunchScreen;
				INFOPLIST_KEY_UIMainStoryboardFile = Main;
				INFOPLIST_KEY_UISupportedInterfaceOrientations_iPad = "UIInterfaceOrientationPortrait UIInterfaceOrientationPortraitUpsideDown UIInterfaceOrientationLandscapeLeft UIInterfaceOrientationLandscapeRight";
				INFOPLIST_KEY_UISupportedInterfaceOrientations_iPhone = "UIInterfaceOrientationPortrait UIInterfaceOrientationLandscapeLeft UIInterfaceOrientationLandscapeRight";
				LD_RUNPATH_SEARCH_PATHS = (
					"$(inherited)",
					"@executable_path/Frameworks",
				);
				MARKETING_VERSION = 1.0;
				PRODUCT_BUNDLE_IDENTIFIER = com.demo.anton.ArtCover;
				PRODUCT_NAME = "$(TARGET_NAME)";
				SWIFT_EMIT_LOC_STRINGS = YES;
				SWIFT_VERSION = 5.0;
				TARGETED_DEVICE_FAMILY = 1;
			};
			name = Release;
		};
/* End XCBuildConfiguration section */

/* Begin XCConfigurationList section */
		3AB25FE027FF515500CCAE62 /* Build configuration list for PBXProject "ArtCover" */ = {
			isa = XCConfigurationList;
			buildConfigurations = (
				3AB25FF727FF515700CCAE62 /* Debug */,
				3AB25FF827FF515700CCAE62 /* Release */,
			);
			defaultConfigurationIsVisible = 0;
			defaultConfigurationName = Release;
		};
		3AB25FF927FF515700CCAE62 /* Build configuration list for PBXNativeTarget "ArtCover" */ = {
			isa = XCConfigurationList;
			buildConfigurations = (
				3AB25FFA27FF515700CCAE62 /* Debug */,
				3AB25FFB27FF515700CCAE62 /* Release */,
			);
			defaultConfigurationIsVisible = 0;
			defaultConfigurationName = Release;
		};
/* End XCConfigurationList section */
	};
	rootObject = 3AB25FDD27FF515500CCAE62 /* Project object */;
}
